
Microsoft Visual Studio Solution File, Format Version 12.00
# Visual Studio 15
VisualStudioVersion = 15.0.28307.539
MinimumVisualStudioVersion = 10.0.40219.1
Project("{9A19103F-16F7-4668-BE54-9A1E7A4F7556}") = "Inficom.core", "Inficom.core.csproj", "{49AFFA08-9E61-4132-977A-1D0C450500F4}"
EndProject
Global
	GlobalSection(SolutionConfigurationPlatforms) = preSolution
		Debug|Any CPU = Debug|Any CPU
		Release|Any CPU = Release|Any CPU
	EndGlobalSection
	GlobalSection(ProjectConfigurationPlatforms) = postSolution
		{49AFFA08-9E61-4132-977A-1D0C450500F4}.Debug|Any CPU.ActiveCfg = Debug|Any CPU
		{49AFFA08-9E61-4132-977A-1D0C450500F4}.Debug|Any CPU.Build.0 = Debug|Any CPU
		{49AFFA08-9E61-4132-977A-1D0C450500F4}.Release|Any CPU.ActiveCfg = Release|Any CPU
		{49AFFA08-9E61-4132-977A-1D0C450500F4}.Release|Any CPU.Build.0 = Release|Any CPU
	EndGlobalSection
	GlobalSection(SolutionProperties) = preSolution
		HideSolutionNode = FALSE
	EndGlobalSection
	GlobalSection(ExtensibilityGlobals) = postSolution
		SolutionGuid = {119816AF-CE6D-4A93-8548-C2FFCF5A5610}
	EndGlobalSection
EndGlobal
